
Microsoft Visual Studio Solution File, Format Version 12.00
# Visual Studio Version 17
VisualStudioVersion = 17.11.35312.102
MinimumVisualStudioVersion = 10.0.40219.1
Project("{FAE04EC0-301F-11D3-BF4B-00C04F79EFBC}") = "GeniusIdiot", "GeniusIdiot\GeniusIdiot.csproj", "{5CB4E4D4-1F6C-4C31-8BB9-D14835213945}"
EndProject
Global
	GlobalSection(SolutionConfigurationPlatforms) = preSolution
		Debug|Any CPU = Debug|Any CPU
		Release|Any CPU = Release|Any CPU
	EndGlobalSection
	GlobalSection(ProjectConfigurationPlatforms) = postSolution
		{5CB4E4D4-1F6C-4C31-8BB9-D14835213945}.Debug|Any CPU.ActiveCfg = Debug|Any CPU
		{5CB4E4D4-1F6C-4C31-8BB9-D14835213945}.Debug|Any CPU.Build.0 = Debug|Any CPU
		{5CB4E4D4-1F6C-4C31-8BB9-D14835213945}.Release|Any CPU.ActiveCfg = Release|Any CPU
		{5CB4E4D4-1F6C-4C31-8BB9-D14835213945}.Release|Any CPU.Build.0 = Release|Any CPU
	EndGlobalSection
	GlobalSection(SolutionProperties) = preSolution
		HideSolutionNode = FALSE
	EndGlobalSection
	GlobalSection(ExtensibilityGlobals) = postSolution
		SolutionGuid = {636E1EDA-8DD8-4C38-ACEE-0E66EF9422BC}
	EndGlobalSection
EndGlobal
